// !$*UTF8*$!
{
	archiveVersion = 1;
	classes = {
	};
	objectVersion = 56;
	objects = {

/* Begin PBXBuildFile section */
		EAF56A2E2A09482200BE0892 /* com_primetimetran_swift_helloApp.swift in Sources */ = {isa = PBXBuildFile; fileRef = EAF56A2D2A09482200BE0892 /* com_primetimetran_swift_helloApp.swift */; };
		EAF56A302A09482200BE0892 /* ContentView.swift in Sources */ = {isa = PBXBuildFile; fileRef = EAF56A2F2A09482200BE0892 /* ContentView.swift */; };
		EAF56A322A09482200BE0892 /* Assets.xcassets in Resources */ = {isa = PBXBuildFile; fileRef = EAF56A312A09482200BE0892 /* Assets.xcassets */; };
		EAF56A362A09482200BE0892 /* Preview Assets.xcassets in Resources */ = {isa = PBXBuildFile; fileRef = EAF56A352A09482200BE0892 /* Preview Assets.xcassets */; };
		EAF56A402A09482300BE0892 /* com_primetimetran_swift_helloTests.swift in Sources */ = {isa = PBXBuildFile; fileRef = EAF56A3F2A09482300BE0892 /* com_primetimetran_swift_helloTests.swift */; };
		EAF56A4A2A09482300BE0892 /* com_primetimetran_swift_helloUITests.swift in Sources */ = {isa = PBXBuildFile; fileRef = EAF56A492A09482300BE0892 /* com_primetimetran_swift_helloUITests.swift */; };
		EAF56A4C2A09482300BE0892 /* com_primetimetran_swift_helloUITestsLaunchTests.swift in Sources */ = {isa = PBXBuildFile; fileRef = EAF56A4B2A09482300BE0892 /* com_primetimetran_swift_helloUITestsLaunchTests.swift */; };
/* End PBXBuildFile section */

/* Begin PBXContainerItemProxy section */
		EAF56A3C2A09482300BE0892 /* PBXContainerItemProxy */ = {
			isa = PBXContainerItemProxy;
			containerPortal = EAF56A222A09482200BE0892 /* Project object */;
			proxyType = 1;
			remoteGlobalIDString = EAF56A292A09482200BE0892;
			remoteInfo = "com.primetimetran.swift-hello";
		};
		EAF56A462A09482300BE0892 /* PBXContainerItemProxy */ = {
			isa = PBXContainerItemProxy;
			containerPortal = EAF56A222A09482200BE0892 /* Project object */;
			proxyType = 1;
			remoteGlobalIDString = EAF56A292A09482200BE0892;
			remoteInfo = "com.primetimetran.swift-hello";
		};
/* End PBXContainerItemProxy section */

/* Begin PBXFileReference section */
		EAF56A2A2A09482200BE0892 /* com.primetimetran.swift-hello.app */ = {isa = PBXFileReference; explicitFileType = wrapper.application; includeInIndex = 0; path = "com.primetimetran.swift-hello.app"; sourceTree = BUILT_PRODUCTS_DIR; };
		EAF56A2D2A09482200BE0892 /* com_primetimetran_swift_helloApp.swift */ = {isa = PBXFileReference; lastKnownFileType = sourcecode.swift; path = com_primetimetran_swift_helloApp.swift; sourceTree = "<group>"; };
		EAF56A2F2A09482200BE0892 /* ContentView.swift */ = {isa = PBXFileReference; lastKnownFileType = sourcecode.swift; path = ContentView.swift; sourceTree = "<group>"; };
		EAF56A312A09482200BE0892 /* Assets.xcassets */ = {isa = PBXFileReference; lastKnownFileType = folder.assetcatalog; path = Assets.xcassets; sourceTree = "<group>"; };
		EAF56A332A09482200BE0892 /* com_primetimetran_swift_hello.entitlements */ = {isa = PBXFileReference; lastKnownFileType = text.plist.entitlements; path = com_primetimetran_swift_hello.entitlements; sourceTree = "<group>"; };
		EAF56A352A09482200BE0892 /* Preview Assets.xcassets */ = {isa = PBXFileReference; lastKnownFileType = folder.assetcatalog; path = "Preview Assets.xcassets"; sourceTree = "<group>"; };
		EAF56A3B2A09482300BE0892 /* com.primetimetran.swift-helloTests.xctest */ = {isa = PBXFileReference; explicitFileType = wrapper.cfbundle; includeInIndex = 0; path = "com.primetimetran.swift-helloTests.xctest"; sourceTree = BUILT_PRODUCTS_DIR; };
		EAF56A3F2A09482300BE0892 /* com_primetimetran_swift_helloTests.swift */ = {isa = PBXFileReference; lastKnownFileType = sourcecode.swift; path = com_primetimetran_swift_helloTests.swift; sourceTree = "<group>"; };
		EAF56A452A09482300BE0892 /* com.primetimetran.swift-helloUITests.xctest */ = {isa = PBXFileReference; explicitFileType = wrapper.cfbundle; includeInIndex = 0; path = "com.primetimetran.swift-helloUITests.xctest"; sourceTree = BUILT_PRODUCTS_DIR; };
		EAF56A492A09482300BE0892 /* com_primetimetran_swift_helloUITests.swift */ = {isa = PBXFileReference; lastKnownFileType = sourcecode.swift; path = com_primetimetran_swift_helloUITests.swift; sourceTree = "<group>"; };
		EAF56A4B2A09482300BE0892 /* com_primetimetran_swift_helloUITestsLaunchTests.swift */ = {isa = PBXFileReference; lastKnownFileType = sourcecode.swift; path = com_primetimetran_swift_helloUITestsLaunchTests.swift; sourceTree = "<group>"; };
/* End PBXFileReference section */

/* Begin PBXFrameworksBuildPhase section */
		EAF56A272A09482200BE0892 /* Frameworks */ = {
			isa = PBXFrameworksBuildPhase;
			buildActionMask = 2147483647;
			files = (
			);
			runOnlyForDeploymentPostprocessing = 0;
		};
		EAF56A382A09482300BE0892 /* Frameworks */ = {
			isa = PBXFrameworksBuildPhase;
			buildActionMask = 2147483647;
			files = (
			);
			runOnlyForDeploymentPostprocessing = 0;
		};
		EAF56A422A09482300BE0892 /* Frameworks */ = {
			isa = PBXFrameworksBuildPhase;
			buildActionMask = 2147483647;
			files = (
			);
			runOnlyForDeploymentPostprocessing = 0;
		};
/* End PBXFrameworksBuildPhase section */

/* Begin PBXGroup section */
		EAF56A212A09482200BE0892 = {
			isa = PBXGroup;
			children = (
				EAF56A2C2A09482200BE0892 /* com.primetimetran.swift-hello */,
				EAF56A3E2A09482300BE0892 /* com.primetimetran.swift-helloTests */,
				EAF56A482A09482300BE0892 /* com.primetimetran.swift-helloUITests */,
				EAF56A2B2A09482200BE0892 /* Products */,
			);
			sourceTree = "<group>";
		};
		EAF56A2B2A09482200BE0892 /* Products */ = {
			isa = PBXGroup;
			children = (
				EAF56A2A2A09482200BE0892 /* com.primetimetran.swift-hello.app */,
				EAF56A3B2A09482300BE0892 /* com.primetimetran.swift-helloTests.xctest */,
				EAF56A452A09482300BE0892 /* com.primetimetran.swift-helloUITests.xctest */,
			);
			name = Products;
			sourceTree = "<group>";
		};
		EAF56A2C2A09482200BE0892 /* com.primetimetran.swift-hello */ = {
			isa = PBXGroup;
			children = (
				EAF56A2D2A09482200BE0892 /* com_primetimetran_swift_helloApp.swift */,
				EAF56A2F2A09482200BE0892 /* ContentView.swift */,
				EAF56A312A09482200BE0892 /* Assets.xcassets */,
				EAF56A332A09482200BE0892 /* com_primetimetran_swift_hello.entitlements */,
				EAF56A342A09482200BE0892 /* Preview Content */,
			);
			path = "com.primetimetran.swift-hello";
			sourceTree = "<group>";
		};
		EAF56A342A09482200BE0892 /* Preview Content */ = {
			isa = PBXGroup;
			children = (
				EAF56A352A09482200BE0892 /* Preview Assets.xcassets */,
			);
			path = "Preview Content";
			sourceTree = "<group>";
		};
		EAF56A3E2A09482300BE0892 /* com.primetimetran.swift-helloTests */ = {
			isa = PBXGroup;
			children = (
				EAF56A3F2A09482300BE0892 /* com_primetimetran_swift_helloTests.swift */,
			);
			path = "com.primetimetran.swift-helloTests";
			sourceTree = "<group>";
		};
		EAF56A482A09482300BE0892 /* com.primetimetran.swift-helloUITests */ = {
			isa = PBXGroup;
			children = (
				EAF56A492A09482300BE0892 /* com_primetimetran_swift_helloUITests.swift */,
				EAF56A4B2A09482300BE0892 /* com_primetimetran_swift_helloUITestsLaunchTests.swift */,
			);
			path = "com.primetimetran.swift-helloUITests";
			sourceTree = "<group>";
		};
/* End PBXGroup section */

/* Begin PBXNativeTarget section */
		EAF56A292A09482200BE0892 /* com.primetimetran.swift-hello */ = {
			isa = PBXNativeTarget;
			buildConfigurationList = EAF56A4F2A09482300BE0892 /* Build configuration list for PBXNativeTarget "com.primetimetran.swift-hello" */;
			buildPhases = (
				EAF56A262A09482200BE0892 /* Sources */,
				EAF56A272A09482200BE0892 /* Frameworks */,
				EAF56A282A09482200BE0892 /* Resources */,
			);
			buildRules = (
			);
			dependencies = (
			);
			name = "com.primetimetran.swift-hello";
			productName = "com.primetimetran.swift-hello";
			productReference = EAF56A2A2A09482200BE0892 /* com.primetimetran.swift-hello.app */;
			productType = "com.apple.product-type.application";
		};
		EAF56A3A2A09482300BE0892 /* com.primetimetran.swift-helloTests */ = {
			isa = PBXNativeTarget;
			buildConfigurationList = EAF56A522A09482300BE0892 /* Build configuration list for PBXNativeTarget "com.primetimetran.swift-helloTests" */;
			buildPhases = (
				EAF56A372A09482300BE0892 /* Sources */,
				EAF56A382A09482300BE0892 /* Frameworks */,
				EAF56A392A09482300BE0892 /* Resources */,
			);
			buildRules = (
			);
			dependencies = (
				EAF56A3D2A09482300BE0892 /* PBXTargetDependency */,
			);
			name = "com.primetimetran.swift-helloTests";
			productName = "com.primetimetran.swift-helloTests";
			productReference = EAF56A3B2A09482300BE0892 /* com.primetimetran.swift-helloTests.xctest */;
			productType = "com.apple.product-type.bundle.unit-test";
		};
		EAF56A442A09482300BE0892 /* com.primetimetran.swift-helloUITests */ = {
			isa = PBXNativeTarget;
			buildConfigurationList = EAF56A552A09482300BE0892 /* Build configuration list for PBXNativeTarget "com.primetimetran.swift-helloUITests" */;
			buildPhases = (
				EAF56A412A09482300BE0892 /* Sources */,
				EAF56A422A09482300BE0892 /* Frameworks */,
				EAF56A432A09482300BE0892 /* Resources */,
			);
			buildRules = (
			);
			dependencies = (
				EAF56A472A09482300BE0892 /* PBXTargetDependency */,
			);
			name = "com.primetimetran.swift-helloUITests";
			productName = "com.primetimetran.swift-helloUITests";
			productReference = EAF56A452A09482300BE0892 /* com.primetimetran.swift-helloUITests.xctest */;
			productType = "com.apple.product-type.bundle.ui-testing";
		};
/* End PBXNativeTarget section */

/* Begin PBXProject section */
		EAF56A222A09482200BE0892 /* Project object */ = {
			isa = PBXProject;
			attributes = {
				BuildIndependentTargetsInParallel = 1;
				LastSwiftUpdateCheck = 1420;
				LastUpgradeCheck = 1420;
				TargetAttributes = {
					EAF56A292A09482200BE0892 = {
						CreatedOnToolsVersion = 14.2;
					};
					EAF56A3A2A09482300BE0892 = {
						CreatedOnToolsVersion = 14.2;
						TestTargetID = EAF56A292A09482200BE0892;
					};
					EAF56A442A09482300BE0892 = {
						CreatedOnToolsVersion = 14.2;
						TestTargetID = EAF56A292A09482200BE0892;
					};
				};
			};
			buildConfigurationList = EAF56A252A09482200BE0892 /* Build configuration list for PBXProject "com.primetimetran.swift-hello" */;
			compatibilityVersion = "Xcode 14.0";
			developmentRegion = en;
			hasScannedForEncodings = 0;
			knownRegions = (
				en,
				Base,
			);
			mainGroup = EAF56A212A09482200BE0892;
			productRefGroup = EAF56A2B2A09482200BE0892 /* Products */;
			projectDirPath = "";
			projectRoot = "";
			targets = (
				EAF56A292A09482200BE0892 /* com.primetimetran.swift-hello */,
				EAF56A3A2A09482300BE0892 /* com.primetimetran.swift-helloTests */,
				EAF56A442A09482300BE0892 /* com.primetimetran.swift-helloUITests */,
			);
		};
/* End PBXProject section */

/* Begin PBXResourcesBuildPhase section */
		EAF56A282A09482200BE0892 /* Resources */ = {
			isa = PBXResourcesBuildPhase;
			buildActionMask = 2147483647;
			files = (
				EAF56A362A09482200BE0892 /* Preview Assets.xcassets in Resources */,
				EAF56A322A09482200BE0892 /* Assets.xcassets in Resources */,
			);
			runOnlyForDeploymentPostprocessing = 0;
		};
		EAF56A392A09482300BE0892 /* Resources */ = {
			isa = PBXResourcesBuildPhase;
			buildActionMask = 2147483647;
			files = (
			);
			runOnlyForDeploymentPostprocessing = 0;
		};
		EAF56A432A09482300BE0892 /* Resources */ = {
			isa = PBXResourcesBuildPhase;
			buildActionMask = 2147483647;
			files = (
			);
			runOnlyForDeploymentPostprocessing = 0;
		};
/* End PBXResourcesBuildPhase section */

/* Begin PBXSourcesBuildPhase section */
		EAF56A262A09482200BE0892 /* Sources */ = {
			isa = PBXSourcesBuildPhase;
			buildActionMask = 2147483647;
			files = (
				EAF56A302A09482200BE0892 /* ContentView.swift in Sources */,
				EAF56A2E2A09482200BE0892 /* com_primetimetran_swift_helloApp.swift in Sources */,
			);
			runOnlyForDeploymentPostprocessing = 0;
		};
		EAF56A372A09482300BE0892 /* Sources */ = {
			isa = PBXSourcesBuildPhase;
			buildActionMask = 2147483647;
			files = (
				EAF56A402A09482300BE0892 /* com_primetimetran_swift_helloTests.swift in Sources */,
			);
			runOnlyForDeploymentPostprocessing = 0;
		};
		EAF56A412A09482300BE0892 /* Sources */ = {
			isa = PBXSourcesBuildPhase;
			buildActionMask = 2147483647;
			files = (
				EAF56A4A2A09482300BE0892 /* com_primetimetran_swift_helloUITests.swift in Sources */,
				EAF56A4C2A09482300BE0892 /* com_primetimetran_swift_helloUITestsLaunchTests.swift in Sources */,
			);
			runOnlyForDeploymentPostprocessing = 0;
		};
/* End PBXSourcesBuildPhase section */

/* Begin PBXTargetDependency section */
		EAF56A3D2A09482300BE0892 /* PBXTargetDependency */ = {
			isa = PBXTargetDependency;
			target = EAF56A292A09482200BE0892 /* com.primetimetran.swift-hello */;
			targetProxy = EAF56A3C2A09482300BE0892 /* PBXContainerItemProxy */;
		};
		EAF56A472A09482300BE0892 /* PBXTargetDependency */ = {
			isa = PBXTargetDependency;
			target = EAF56A292A09482200BE0892 /* com.primetimetran.swift-hello */;
			targetProxy = EAF56A462A09482300BE0892 /* PBXContainerItemProxy */;
		};
/* End PBXTargetDependency section */

/* Begin XCBuildConfiguration section */
		EAF56A4D2A09482300BE0892 /* Debug */ = {
			isa = XCBuildConfiguration;
			buildSettings = {
				ALWAYS_SEARCH_USER_PATHS = NO;
				CLANG_ANALYZER_NONNULL = YES;
				CLANG_ANALYZER_NUMBER_OBJECT_CONVERSION = YES_AGGRESSIVE;
				CLANG_CXX_LANGUAGE_STANDARD = "gnu++20";
				CLANG_ENABLE_MODULES = YES;
				CLANG_ENABLE_OBJC_ARC = YES;
				CLANG_ENABLE_OBJC_WEAK = YES;
				CLANG_WARN_BLOCK_CAPTURE_AUTORELEASING = YES;
				CLANG_WARN_BOOL_CONVERSION = YES;
				CLANG_WARN_COMMA = YES;
				CLANG_WARN_CONSTANT_CONVERSION = YES;
				CLANG_WARN_DEPRECATED_OBJC_IMPLEMENTATIONS = YES;
				CLANG_WARN_DIRECT_OBJC_ISA_USAGE = YES_ERROR;
				CLANG_WARN_DOCUMENTATION_COMMENTS = YES;
				CLANG_WARN_EMPTY_BODY = YES;
				CLANG_WARN_ENUM_CONVERSION = YES;
				CLANG_WARN_INFINITE_RECURSION = YES;
				CLANG_WARN_INT_CONVERSION = YES;
				CLANG_WARN_NON_LITERAL_NULL_CONVERSION = YES;
				CLANG_WARN_OBJC_IMPLICIT_RETAIN_SELF = YES;
				CLANG_WARN_OBJC_LITERAL_CONVERSION = YES;
				CLANG_WARN_OBJC_ROOT_CLASS = YES_ERROR;
				CLANG_WARN_QUOTED_INCLUDE_IN_FRAMEWORK_HEADER = YES;
				CLANG_WARN_RANGE_LOOP_ANALYSIS = YES;
				CLANG_WARN_STRICT_PROTOTYPES = YES;
				CLANG_WARN_SUSPICIOUS_MOVE = YES;
				CLANG_WARN_UNGUARDED_AVAILABILITY = YES_AGGRESSIVE;
				CLANG_WARN_UNREACHABLE_CODE = YES;
				CLANG_WARN__DUPLICATE_METHOD_MATCH = YES;
				COPY_PHASE_STRIP = NO;
				DEBUG_INFORMATION_FORMAT = dwarf;
				ENABLE_STRICT_OBJC_MSGSEND = YES;
				ENABLE_TESTABILITY = YES;
				GCC_C_LANGUAGE_STANDARD = gnu11;
				GCC_DYNAMIC_NO_PIC = NO;
				GCC_NO_COMMON_BLOCKS = YES;
				GCC_OPTIMIZATION_LEVEL = 0;
				GCC_PREPROCESSOR_DEFINITIONS = (
					"DEBUG=1",
					"$(inherited)",
				);
				GCC_WARN_64_TO_32_BIT_CONVERSION = YES;
				GCC_WARN_ABOUT_RETURN_TYPE = YES_ERROR;
				GCC_WARN_UNDECLARED_SELECTOR = YES;
				GCC_WARN_UNINITIALIZED_AUTOS = YES_AGGRESSIVE;
				GCC_WARN_UNUSED_FUNCTION = YES;
				GCC_WARN_UNUSED_VARIABLE = YES;
				MTL_ENABLE_DEBUG_INFO = INCLUDE_SOURCE;
				MTL_FAST_MATH = YES;
				ONLY_ACTIVE_ARCH = YES;
				SWIFT_ACTIVE_COMPILATION_CONDITIONS = DEBUG;
				SWIFT_OPTIMIZATION_LEVEL = "-Onone";
			};
			name = Debug;
		};
		EAF56A4E2A09482300BE0892 /* Release */ = {
			isa = XCBuildConfiguration;
			buildSettings = {
				ALWAYS_SEARCH_USER_PATHS = NO;
				CLANG_ANALYZER_NONNULL = YES;
				CLANG_ANALYZER_NUMBER_OBJECT_CONVERSION = YES_AGGRESSIVE;
				CLANG_CXX_LANGUAGE_STANDARD = "gnu++20";
				CLANG_ENABLE_MODULES = YES;
				CLANG_ENABLE_OBJC_ARC = YES;
				CLANG_ENABLE_OBJC_WEAK = YES;
				CLANG_WARN_BLOCK_CAPTURE_AUTORELEASING = YES;
				CLANG_WARN_BOOL_CONVERSION = YES;
				CLANG_WARN_COMMA = YES;
				CLANG_WARN_CONSTANT_CONVERSION = YES;
				CLANG_WARN_DEPRECATED_OBJC_IMPLEMENTATIONS = YES;
				CLANG_WARN_DIRECT_OBJC_ISA_USAGE = YES_ERROR;
				CLANG_WARN_DOCUMENTATION_COMMENTS = YES;
				CLANG_WARN_EMPTY_BODY = YES;
				CLANG_WARN_ENUM_CONVERSION = YES;
				CLANG_WARN_INFINITE_RECURSION = YES;
				CLANG_WARN_INT_CONVERSION = YES;
				CLANG_WARN_NON_LITERAL_NULL_CONVERSION = YES;
				CLANG_WARN_OBJC_IMPLICIT_RETAIN_SELF = YES;
				CLANG_WARN_OBJC_LITERAL_CONVERSION = YES;
				CLANG_WARN_OBJC_ROOT_CLASS = YES_ERROR;
				CLANG_WARN_QUOTED_INCLUDE_IN_FRAMEWORK_HEADER = YES;
				CLANG_WARN_RANGE_LOOP_ANALYSIS = YES;
				CLANG_WARN_STRICT_PROTOTYPES = YES;
				CLANG_WARN_SUSPICIOUS_MOVE = YES;
				CLANG_WARN_UNGUARDED_AVAILABILITY = YES_AGGRESSIVE;
				CLANG_WARN_UNREACHABLE_CODE = YES;
				CLANG_WARN__DUPLICATE_METHOD_MATCH = YES;
				COPY_PHASE_STRIP = NO;
				DEBUG_INFORMATION_FORMAT = "dwarf-with-dsym";
				ENABLE_NS_ASSERTIONS = NO;
				ENABLE_STRICT_OBJC_MSGSEND = YES;
				GCC_C_LANGUAGE_STANDARD = gnu11;
				GCC_NO_COMMON_BLOCKS = YES;
				GCC_WARN_64_TO_32_BIT_CONVERSION = YES;
				GCC_WARN_ABOUT_RETURN_TYPE = YES_ERROR;
				GCC_WARN_UNDECLARED_SELECTOR = YES;
				GCC_WARN_UNINITIALIZED_AUTOS = YES_AGGRESSIVE;
				GCC_WARN_UNUSED_FUNCTION = YES;
				GCC_WARN_UNUSED_VARIABLE = YES;
				MTL_ENABLE_DEBUG_INFO = NO;
				MTL_FAST_MATH = YES;
				SWIFT_COMPILATION_MODE = wholemodule;
				SWIFT_OPTIMIZATION_LEVEL = "-O";
			};
			name = Release;
		};
		EAF56A502A09482300BE0892 /* Debug */ = {
			isa = XCBuildConfiguration;
			buildSettings = {
				ASSETCATALOG_COMPILER_APPICON_NAME = AppIcon;
				ASSETCATALOG_COMPILER_GLOBAL_ACCENT_COLOR_NAME = AccentColor;
				CODE_SIGN_ENTITLEMENTS = "com.primetimetran.swift-hello/com_primetimetran_swift_hello.entitlements";
				CODE_SIGN_STYLE = Automatic;
				CURRENT_PROJECT_VERSION = 1;
				DEVELOPMENT_ASSET_PATHS = "\"com.primetimetran.swift-hello/Preview Content\"";
				DEVELOPMENT_TEAM = GH4WNC2745;
				ENABLE_HARDENED_RUNTIME = YES;
				ENABLE_PREVIEWS = YES;
				GENERATE_INFOPLIST_FILE = YES;
				"INFOPLIST_KEY_UIApplicationSceneManifest_Generation[sdk=iphoneos*]" = YES;
				"INFOPLIST_KEY_UIApplicationSceneManifest_Generation[sdk=iphonesimulator*]" = YES;
				"INFOPLIST_KEY_UIApplicationSupportsIndirectInputEvents[sdk=iphoneos*]" = YES;
				"INFOPLIST_KEY_UIApplicationSupportsIndirectInputEvents[sdk=iphonesimulator*]" = YES;
				"INFOPLIST_KEY_UILaunchScreen_Generation[sdk=iphoneos*]" = YES;
				"INFOPLIST_KEY_UILaunchScreen_Generation[sdk=iphonesimulator*]" = YES;
				"INFOPLIST_KEY_UIStatusBarStyle[sdk=iphoneos*]" = UIStatusBarStyleDefault;
				"INFOPLIST_KEY_UIStatusBarStyle[sdk=iphonesimulator*]" = UIStatusBarStyleDefault;
				INFOPLIST_KEY_UISupportedInterfaceOrientations_iPad = "UIInterfaceOrientationPortrait UIInterfaceOrientationPortraitUpsideDown UIInterfaceOrientationLandscapeLeft UIInterfaceOrientationLandscapeRight";
				INFOPLIST_KEY_UISupportedInterfaceOrientations_iPhone = "UIInterfaceOrientationPortrait UIInterfaceOrientationLandscapeLeft UIInterfaceOrientationLandscapeRight";
				IPHONEOS_DEPLOYMENT_TARGET = 16.2;
				LD_RUNPATH_SEARCH_PATHS = "@executable_path/Frameworks";
				"LD_RUNPATH_SEARCH_PATHS[sdk=macosx*]" = "@executable_path/../Frameworks";
				MACOSX_DEPLOYMENT_TARGET = 13.1;
				MARKETING_VERSION = 1.0;
				PRODUCT_BUNDLE_IDENTIFIER = "helloworld.primetimetran.com-primetimetran-swift-hello";
				PRODUCT_NAME = "$(TARGET_NAME)";
				SDKROOT = auto;
				SUPPORTED_PLATFORMS = "iphoneos iphonesimulator macosx";
				SWIFT_EMIT_LOC_STRINGS = YES;
				SWIFT_VERSION = 5.0;
				TARGETED_DEVICE_FAMILY = "1,2";
			};
			name = Debug;
		};
		EAF56A512A09482300BE0892 /* Release */ = {
			isa = XCBuildConfiguration;
			buildSettings = {
				ASSETCATALOG_COMPILER_APPICON_NAME = AppIcon;
				ASSETCATALOG_COMPILER_GLOBAL_ACCENT_COLOR_NAME = AccentColor;
				CODE_SIGN_ENTITLEMENTS = "com.primetimetran.swift-hello/com_primetimetran_swift_hello.entitlements";
				CODE_SIGN_STYLE = Automatic;
				CURRENT_PROJECT_VERSION = 1;
				DEVELOPMENT_ASSET_PATHS = "\"com.primetimetran.swift-hello/Preview Content\"";
				DEVELOPMENT_TEAM = GH4WNC2745;
				ENABLE_HARDENED_RUNTIME = YES;
				ENABLE_PREVIEWS = YES;
				GENERATE_INFOPLIST_FILE = YES;
				"INFOPLIST_KEY_UIApplicationSceneManifest_Generation[sdk=iphoneos*]" = YES;
				"INFOPLIST_KEY_UIApplicationSceneManifest_Generation[sdk=iphonesimulator*]" = YES;
				"INFOPLIST_KEY_UIApplicationSupportsIndirectInputEvents[sdk=iphoneos*]" = YES;
				"INFOPLIST_KEY_UIApplicationSupportsIndirectInputEvents[sdk=iphonesimulator*]" = YES;
				"INFOPLIST_KEY_UILaunchScreen_Generation[sdk=iphoneos*]" = YES;
				"INFOPLIST_KEY_UILaunchScreen_Generation[sdk=iphonesimulator*]" = YES;
				"INFOPLIST_KEY_UIStatusBarStyle[sdk=iphoneos*]" = UIStatusBarStyleDefault;
				"INFOPLIST_KEY_UIStatusBarStyle[sdk=iphonesimulator*]" = UIStatusBarStyleDefault;
				INFOPLIST_KEY_UISupportedInterfaceOrientations_iPad = "UIInterfaceOrientationPortrait UIInterfaceOrientationPortraitUpsideDown UIInterfaceOrientationLandscapeLeft UIInterfaceOrientationLandscapeRight";
				INFOPLIST_KEY_UISupportedInterfaceOrientations_iPhone = "UIInterfaceOrientationPortrait UIInterfaceOrientationLandscapeLeft UIInterfaceOrientationLandscapeRight";
				IPHONEOS_DEPLOYMENT_TARGET = 16.2;
				LD_RUNPATH_SEARCH_PATHS = "@executable_path/Frameworks";
				"LD_RUNPATH_SEARCH_PATHS[sdk=macosx*]" = "@executable_path/../Frameworks";
				MACOSX_DEPLOYMENT_TARGET = 13.1;
				MARKETING_VERSION = 1.0;
				PRODUCT_BUNDLE_IDENTIFIER = "helloworld.primetimetran.com-primetimetran-swift-hello";
				PRODUCT_NAME = "$(TARGET_NAME)";
				SDKROOT = auto;
				SUPPORTED_PLATFORMS = "iphoneos iphonesimulator macosx";
				SWIFT_EMIT_LOC_STRINGS = YES;
				SWIFT_VERSION = 5.0;
				TARGETED_DEVICE_FAMILY = "1,2";
			};
			name = Release;
		};
		EAF56A532A09482300BE0892 /* Debug */ = {
			isa = XCBuildConfiguration;
			buildSettings = {
				ALWAYS_EMBED_SWIFT_STANDARD_LIBRARIES = YES;
				BUNDLE_LOADER = "$(TEST_HOST)";
				CODE_SIGN_STYLE = Automatic;
				CURRENT_PROJECT_VERSION = 1;
				DEVELOPMENT_TEAM = GH4WNC2745;
				GENERATE_INFOPLIST_FILE = YES;
				IPHONEOS_DEPLOYMENT_TARGET = 16.2;
				MACOSX_DEPLOYMENT_TARGET = 13.1;
				MARKETING_VERSION = 1.0;
				PRODUCT_BUNDLE_IDENTIFIER = "helloworld.primetimetran.com-primetimetran-swift-helloTests";
				PRODUCT_NAME = "$(TARGET_NAME)";
				SDKROOT = auto;
				SUPPORTED_PLATFORMS = "iphoneos iphonesimulator macosx";
				SWIFT_EMIT_LOC_STRINGS = NO;
				SWIFT_VERSION = 5.0;
				TARGETED_DEVICE_FAMILY = "1,2";
				TEST_HOST = "$(BUILT_PRODUCTS_DIR)/com.primetimetran.swift-hello.app/$(BUNDLE_EXECUTABLE_FOLDER_PATH)/com.primetimetran.swift-hello";
			};
			name = Debug;
		};
		EAF56A542A09482300BE0892 /* Release */ = {
			isa = XCBuildConfiguration;
			buildSettings = {
				ALWAYS_EMBED_SWIFT_STANDARD_LIBRARIES = YES;
				BUNDLE_LOADER = "$(TEST_HOST)";
				CODE_SIGN_STYLE = Automatic;
				CURRENT_PROJECT_VERSION = 1;
				DEVELOPMENT_TEAM = GH4WNC2745;
				GENERATE_INFOPLIST_FILE = YES;
				IPHONEOS_DEPLOYMENT_TARGET = 16.2;
				MACOSX_DEPLOYMENT_TARGET = 13.1;
				MARKETING_VERSION = 1.0;
				PRODUCT_BUNDLE_IDENTIFIER = "helloworld.primetimetran.com-primetimetran-swift-helloTests";
				PRODUCT_NAME = "$(TARGET_NAME)";
				SDKROOT = auto;
				SUPPORTED_PLATFORMS = "iphoneos iphonesimulator macosx";
				SWIFT_EMIT_LOC_STRINGS = NO;
				SWIFT_VERSION = 5.0;
				TARGETED_DEVICE_FAMILY = "1,2";
				TEST_HOST = "$(BUILT_PRODUCTS_DIR)/com.primetimetran.swift-hello.app/$(BUNDLE_EXECUTABLE_FOLDER_PATH)/com.primetimetran.swift-hello";
			};
			name = Release;
		};
		EAF56A562A09482300BE0892 /* Debug */ = {
			isa = XCBuildConfiguration;
			buildSettings = {
				ALWAYS_EMBED_SWIFT_STANDARD_LIBRARIES = YES;
				CODE_SIGN_STYLE = Automatic;
				CURRENT_PROJECT_VERSION = 1;
				DEVELOPMENT_TEAM = GH4WNC2745;
				GENERATE_INFOPLIST_FILE = YES;
				IPHONEOS_DEPLOYMENT_TARGET = 16.2;
				MACOSX_DEPLOYMENT_TARGET = 13.1;
				MARKETING_VERSION = 1.0;
				PRODUCT_BUNDLE_IDENTIFIER = "helloworld.primetimetran.com-primetimetran-swift-helloUITests";
				PRODUCT_NAME = "$(TARGET_NAME)";
				SDKROOT = auto;
				SUPPORTED_PLATFORMS = "iphoneos iphonesimulator macosx";
				SWIFT_EMIT_LOC_STRINGS = NO;
				SWIFT_VERSION = 5.0;
				TARGETED_DEVICE_FAMILY = "1,2";
				TEST_TARGET_NAME = "com.primetimetran.swift-hello";
			};
			name = Debug;
		};
		EAF56A572A09482300BE0892 /* Release */ = {
			isa = XCBuildConfiguration;
			buildSettings = {
				ALWAYS_EMBED_SWIFT_STANDARD_LIBRARIES = YES;
				CODE_SIGN_STYLE = Automatic;
				CURRENT_PROJECT_VERSION = 1;
				DEVELOPMENT_TEAM = GH4WNC2745;
				GENERATE_INFOPLIST_FILE = YES;
				IPHONEOS_DEPLOYMENT_TARGET = 16.2;
				MACOSX_DEPLOYMENT_TARGET = 13.1;
				MARKETING_VERSION = 1.0;
				PRODUCT_BUNDLE_IDENTIFIER = "helloworld.primetimetran.com-primetimetran-swift-helloUITests";
				PRODUCT_NAME = "$(TARGET_NAME)";
				SDKROOT = auto;
				SUPPORTED_PLATFORMS = "iphoneos iphonesimulator macosx";
				SWIFT_EMIT_LOC_STRINGS = NO;
				SWIFT_VERSION = 5.0;
				TARGETED_DEVICE_FAMILY = "1,2";
				TEST_TARGET_NAME = "com.primetimetran.swift-hello";
			};
			name = Release;
		};
/* End XCBuildConfiguration section */

/* Begin XCConfigurationList section */
		EAF56A252A09482200BE0892 /* Build configuration list for PBXProject "com.primetimetran.swift-hello" */ = {
			isa = XCConfigurationList;
			buildConfigurations = (
				EAF56A4D2A09482300BE0892 /* Debug */,
				EAF56A4E2A09482300BE0892 /* Release */,
			);
			defaultConfigurationIsVisible = 0;
			defaultConfigurationName = Release;
		};
		EAF56A4F2A09482300BE0892 /* Build configuration list for PBXNativeTarget "com.primetimetran.swift-hello" */ = {
			isa = XCConfigurationList;
			buildConfigurations = (
				EAF56A502A09482300BE0892 /* Debug */,
				EAF56A512A09482300BE0892 /* Release */,
			);
			defaultConfigurationIsVisible = 0;
			defaultConfigurationName = Release;
		};
		EAF56A522A09482300BE0892 /* Build configuration list for PBXNativeTarget "com.primetimetran.swift-helloTests" */ = {
			isa = XCConfigurationList;
			buildConfigurations = (
				EAF56A532A09482300BE0892 /* Debug */,
				EAF56A542A09482300BE0892 /* Release */,
			);
			defaultConfigurationIsVisible = 0;
			defaultConfigurationName = Release;
		};
		EAF56A552A09482300BE0892 /* Build configuration list for PBXNativeTarget "com.primetimetran.swift-helloUITests" */ = {
			isa = XCConfigurationList;
			buildConfigurations = (
				EAF56A562A09482300BE0892 /* Debug */,
				EAF56A572A09482300BE0892 /* Release */,
			);
			defaultConfigurationIsVisible = 0;
			defaultConfigurationName = Release;
		};
/* End XCConfigurationList section */
	};
	rootObject = EAF56A222A09482200BE0892 /* Project object */;
}
